{
  "name": "torchgeo",
  "lockfileVersion": 3,
  "requires": true,
  "packages": {
    "": {
      "dependencies": {
        "prettier": ">=3"
      }
    },
    "node_modules/prettier": {
      "version": "3.5.1",
      "resolved": "https://registry.npmjs.org/prettier/-/prettier-3.5.1.tgz",
      "integrity": "sha512-hPpFQvHwL3Qv5AdRvBFMhnKo4tYxp0ReXiPn2bxkiohEX6mBeBwEpBSQTkD458RaaDKQMYSp4hX4UtfUTA5wDw==",
      "license": "MIT",
      "bin": {
        "prettier": "bin/prettier.cjs"
      },
      "engines": {
        "node": ">=14"
      },
      "funding": {
        "url": "https://github.com/prettier/prettier?sponsor=1"
      }
    }
  }
}
